
Microsoft Visual Studio Solution File, Format Version 12.00
# Visual Studio Version 17
VisualStudioVersion = 17.4.33213.308
MinimumVisualStudioVersion = 10.0.40219.1
Project("{FAE04EC0-301F-11D3-BF4B-00C04F79EFBC}") = "RandomClass1", "RandomClass1\RandomClass1.csproj", "{3CAFA32D-3E64-479C-B850-9203A6C37A8D}"
EndProject
Global
	GlobalSection(SolutionConfigurationPlatforms) = preSolution
		Debug|Any CPU = Debug|Any CPU
		Release|Any CPU = Release|Any CPU
	EndGlobalSection
	GlobalSection(ProjectConfigurationPlatforms) = postSolution
		{3CAFA32D-3E64-479C-B850-9203A6C37A8D}.Debug|Any CPU.ActiveCfg = Debug|Any CPU
		{3CAFA32D-3E64-479C-B850-9203A6C37A8D}.Debug|Any CPU.Build.0 = Debug|Any CPU
		{3CAFA32D-3E64-479C-B850-9203A6C37A8D}.Release|Any CPU.ActiveCfg = Release|Any CPU
		{3CAFA32D-3E64-479C-B850-9203A6C37A8D}.Release|Any CPU.Build.0 = Release|Any CPU
	EndGlobalSection
	GlobalSection(SolutionProperties) = preSolution
		HideSolutionNode = FALSE
	EndGlobalSection
	GlobalSection(ExtensibilityGlobals) = postSolution
		SolutionGuid = {72A3A6B4-BFB3-433F-9EFD-51A41926F68B}
	EndGlobalSection
EndGlobal
